
Microsoft Visual Studio Solution File, Format Version 12.00
# Visual Studio Version 17
VisualStudioVersion = 17.5.33530.505
MinimumVisualStudioVersion = 10.0.40219.1
Project("{FAE04EC0-301F-11D3-BF4B-00C04F79EFBC}") = "laboratorna1", "laboratorna1\laboratorna1.csproj", "{C7EFFCA1-1CF6-4DBC-8056-DCDBB89271B2}"
EndProject
Global
	GlobalSection(SolutionConfigurationPlatforms) = preSolution
		Debug|Any CPU = Debug|Any CPU
		Release|Any CPU = Release|Any CPU
	EndGlobalSection
	GlobalSection(ProjectConfigurationPlatforms) = postSolution
		{C7EFFCA1-1CF6-4DBC-8056-DCDBB89271B2}.Debug|Any CPU.ActiveCfg = Debug|Any CPU
		{C7EFFCA1-1CF6-4DBC-8056-DCDBB89271B2}.Debug|Any CPU.Build.0 = Debug|Any CPU
		{C7EFFCA1-1CF6-4DBC-8056-DCDBB89271B2}.Release|Any CPU.ActiveCfg = Release|Any CPU
		{C7EFFCA1-1CF6-4DBC-8056-DCDBB89271B2}.Release|Any CPU.Build.0 = Release|Any CPU
	EndGlobalSection
	GlobalSection(SolutionProperties) = preSolution
		HideSolutionNode = FALSE
	EndGlobalSection
	GlobalSection(ExtensibilityGlobals) = postSolution
		SolutionGuid = {4A487BE0-17F6-43AD-ABA8-F6B0C4EAA96F}
	EndGlobalSection
EndGlobal
